
Microsoft Visual Studio Solution File, Format Version 12.00
# Visual Studio Version 17
VisualStudioVersion = 17.9.34622.214
MinimumVisualStudioVersion = 10.0.40219.1
Project("{FAE04EC0-301F-11D3-BF4B-00C04F79EFBC}") = "24h-Code-Challenge", "24h-Code-Challenge.csproj", "{1F6308ED-FBD2-4BD0-B55D-6CAE6125CF5E}"
EndProject
Global
	GlobalSection(SolutionConfigurationPlatforms) = preSolution
		Debug|Any CPU = Debug|Any CPU
		Release|Any CPU = Release|Any CPU
	EndGlobalSection
	GlobalSection(ProjectConfigurationPlatforms) = postSolution
		{1F6308ED-FBD2-4BD0-B55D-6CAE6125CF5E}.Debug|Any CPU.ActiveCfg = Debug|Any CPU
		{1F6308ED-FBD2-4BD0-B55D-6CAE6125CF5E}.Debug|Any CPU.Build.0 = Debug|Any CPU
		{1F6308ED-FBD2-4BD0-B55D-6CAE6125CF5E}.Release|Any CPU.ActiveCfg = Release|Any CPU
		{1F6308ED-FBD2-4BD0-B55D-6CAE6125CF5E}.Release|Any CPU.Build.0 = Release|Any CPU
	EndGlobalSection
	GlobalSection(SolutionProperties) = preSolution
		HideSolutionNode = FALSE
	EndGlobalSection
	GlobalSection(ExtensibilityGlobals) = postSolution
		SolutionGuid = {81EA9A3E-007F-4CDB-A95A-3158CEE7F2B2}
	EndGlobalSection
EndGlobal
